dependencies:
- name: redis
  repository: https://charts.bitnami.com/bitnami
  version: 20.6.3
- name: postgresql
  repository: https://charts.bitnami.com/bitnami
  version: 16.4.5
- name: minio
  repository: https://charts.bitnami.com/bitnami
  version: 14.10.5
digest: sha256:bb671bae5b6453f7da356f8482f2ccf7eb182b7d38c28fea28e39841c8bb41b5
generated: "2025-02-11T14:41:21.280715684+05:45"
